
Microsoft Visual Studio Solution File, Format Version 12.00
# Visual Studio Version 17
VisualStudioVersion = 17.4.33213.308
MinimumVisualStudioVersion = 10.0.40219.1
Project("{FAE04EC0-301F-11D3-BF4B-00C04F79EFBC}") = "RimRadio", "RimRadio.csproj", "{414C36CE-01BC-4DF2-B943-03CD7FF7E6A8}"
EndProject
Global
	GlobalSection(SolutionConfigurationPlatforms) = preSolution
		Debug|Any CPU = Debug|Any CPU
		Release|Any CPU = Release|Any CPU
	EndGlobalSection
	GlobalSection(ProjectConfigurationPlatforms) = postSolution
		{414C36CE-01BC-4DF2-B943-03CD7FF7E6A8}.Debug|Any CPU.ActiveCfg = Debug|Any CPU
		{414C36CE-01BC-4DF2-B943-03CD7FF7E6A8}.Debug|Any CPU.Build.0 = Debug|Any CPU
		{414C36CE-01BC-4DF2-B943-03CD7FF7E6A8}.Release|Any CPU.ActiveCfg = Release|Any CPU
		{414C36CE-01BC-4DF2-B943-03CD7FF7E6A8}.Release|Any CPU.Build.0 = Release|Any CPU
	EndGlobalSection
	GlobalSection(SolutionProperties) = preSolution
		HideSolutionNode = FALSE
	EndGlobalSection
	GlobalSection(ExtensibilityGlobals) = postSolution
		SolutionGuid = {97E59C6C-C732-4BAE-9A63-97636A6B05FE}
	EndGlobalSection
EndGlobal
